
Microsoft Visual Studio Solution File, Format Version 12.00
# Visual Studio Version 16
VisualStudioVersion = 16.0.29920.165
MinimumVisualStudioVersion = 10.0.40219.1
Project("{9A19103F-16F7-4668-BE54-9A1E7A4F7556}") = "Interop", "Interop\Interop.csproj", "{4290C747-B4C4-4411-8A2D-3129733A7741}"
EndProject
Global
	GlobalSection(SolutionConfigurationPlatforms) = preSolution
		Debug|Any CPU = Debug|Any CPU
		Release|Any CPU = Release|Any CPU
	EndGlobalSection
	GlobalSection(ProjectConfigurationPlatforms) = postSolution
		{4290C747-B4C4-4411-8A2D-3129733A7741}.Debug|Any CPU.ActiveCfg = Debug|Any CPU
		{4290C747-B4C4-4411-8A2D-3129733A7741}.Debug|Any CPU.Build.0 = Debug|Any CPU
		{4290C747-B4C4-4411-8A2D-3129733A7741}.Release|Any CPU.ActiveCfg = Release|Any CPU
		{4290C747-B4C4-4411-8A2D-3129733A7741}.Release|Any CPU.Build.0 = Release|Any CPU
	EndGlobalSection
	GlobalSection(SolutionProperties) = preSolution
		HideSolutionNode = FALSE
	EndGlobalSection
	GlobalSection(ExtensibilityGlobals) = postSolution
		SolutionGuid = {8F6378A2-2BCC-49F6-83DE-CD6F8B58CF82}
	EndGlobalSection
EndGlobal
